
Microsoft Visual Studio Solution File, Format Version 12.00
# Visual Studio Version 17
VisualStudioVersion = 17.5.002.0
MinimumVisualStudioVersion = 10.0.40219.1
Project("{9A19103F-16F7-4668-BE54-9A1E7A4F7556}") = "BasicAuthenticationDemo", "BasicAuthenticationDemo.csproj", "{3DA50536-08E4-4A68-B93F-54F79F9D635D}"
EndProject
Global
	GlobalSection(SolutionConfigurationPlatforms) = preSolution
		Debug|Any CPU = Debug|Any CPU
		Release|Any CPU = Release|Any CPU
	EndGlobalSection
	GlobalSection(ProjectConfigurationPlatforms) = postSolution
		{3DA50536-08E4-4A68-B93F-54F79F9D635D}.Debug|Any CPU.ActiveCfg = Debug|Any CPU
		{3DA50536-08E4-4A68-B93F-54F79F9D635D}.Debug|Any CPU.Build.0 = Debug|Any CPU
		{3DA50536-08E4-4A68-B93F-54F79F9D635D}.Release|Any CPU.ActiveCfg = Release|Any CPU
		{3DA50536-08E4-4A68-B93F-54F79F9D635D}.Release|Any CPU.Build.0 = Release|Any CPU
	EndGlobalSection
	GlobalSection(SolutionProperties) = preSolution
		HideSolutionNode = FALSE
	EndGlobalSection
	GlobalSection(ExtensibilityGlobals) = postSolution
		SolutionGuid = {DEA215E5-3BC3-4F72-B80D-C66BE10CB43C}
	EndGlobalSection
EndGlobal
